
Microsoft Visual Studio Solution File, Format Version 12.00
Project("{FAE04EC0-301F-11D3-BF4B-00C04F79EFBC}") = "Xam.Forms.GraceAlert", "Xam.Forms.GraceAlert\Xam.Forms.GraceAlert.csproj", "{B60D9D3D-3346-4B58-B2B8-20A34E0C2112}"
EndProject
Project("{FAE04EC0-301F-11D3-BF4B-00C04F79EFBC}") = "Xam.Forms.Example", "Xam.Forms.Example\Xam.Forms.Example\Xam.Forms.Example.csproj", "{F5F26180-0866-434B-AC7A-039AB8104167}"
EndProject
Project("{FAE04EC0-301F-11D3-BF4B-00C04F79EFBC}") = "Xam.Forms.Example.Android", "Xam.Forms.Example\Xam.Forms.Example.Android\Xam.Forms.Example.Android.csproj", "{F6F3CCEB-236C-4CAA-A514-2095336D9788}"
EndProject
Project("{FAE04EC0-301F-11D3-BF4B-00C04F79EFBC}") = "Xam.Forms.Example.iOS", "Xam.Forms.Example\Xam.Forms.Example.iOS\Xam.Forms.Example.iOS.csproj", "{1B2686B9-69B2-48CC-ADB6-29D187A4BE4B}"
EndProject
Project("{2150E333-8FDC-42A3-9474-1A3956D46DE8}") = "Example", "Example", "{00AF9E5B-C7F3-403A-AFD1-EEB1EA2ADB89}"
EndProject
Global
	GlobalSection(SolutionConfigurationPlatforms) = preSolution
		Debug|Any CPU = Debug|Any CPU
		Release|Any CPU = Release|Any CPU
	EndGlobalSection
	GlobalSection(ProjectConfigurationPlatforms) = postSolution
		{B60D9D3D-3346-4B58-B2B8-20A34E0C2112}.Debug|Any CPU.ActiveCfg = Debug|Any CPU
		{B60D9D3D-3346-4B58-B2B8-20A34E0C2112}.Debug|Any CPU.Build.0 = Debug|Any CPU
		{B60D9D3D-3346-4B58-B2B8-20A34E0C2112}.Release|Any CPU.ActiveCfg = Release|Any CPU
		{B60D9D3D-3346-4B58-B2B8-20A34E0C2112}.Release|Any CPU.Build.0 = Release|Any CPU
		{F5F26180-0866-434B-AC7A-039AB8104167}.Debug|Any CPU.ActiveCfg = Debug|Any CPU
		{F5F26180-0866-434B-AC7A-039AB8104167}.Debug|Any CPU.Build.0 = Debug|Any CPU
		{F5F26180-0866-434B-AC7A-039AB8104167}.Release|Any CPU.ActiveCfg = Release|Any CPU
		{F5F26180-0866-434B-AC7A-039AB8104167}.Release|Any CPU.Build.0 = Release|Any CPU
		{F6F3CCEB-236C-4CAA-A514-2095336D9788}.Debug|Any CPU.ActiveCfg = Debug|Any CPU
		{F6F3CCEB-236C-4CAA-A514-2095336D9788}.Debug|Any CPU.Build.0 = Debug|Any CPU
		{F6F3CCEB-236C-4CAA-A514-2095336D9788}.Release|Any CPU.ActiveCfg = Release|Any CPU
		{F6F3CCEB-236C-4CAA-A514-2095336D9788}.Release|Any CPU.Build.0 = Release|Any CPU
		{1B2686B9-69B2-48CC-ADB6-29D187A4BE4B}.Debug|Any CPU.ActiveCfg = Debug|iPhoneSimulator
		{1B2686B9-69B2-48CC-ADB6-29D187A4BE4B}.Debug|Any CPU.Build.0 = Debug|iPhoneSimulator
		{1B2686B9-69B2-48CC-ADB6-29D187A4BE4B}.Release|Any CPU.ActiveCfg = Release|iPhoneSimulator
		{1B2686B9-69B2-48CC-ADB6-29D187A4BE4B}.Release|Any CPU.Build.0 = Release|iPhoneSimulator
	EndGlobalSection
	GlobalSection(NestedProjects) = preSolution
		{F5F26180-0866-434B-AC7A-039AB8104167} = {00AF9E5B-C7F3-403A-AFD1-EEB1EA2ADB89}
		{F6F3CCEB-236C-4CAA-A514-2095336D9788} = {00AF9E5B-C7F3-403A-AFD1-EEB1EA2ADB89}
		{1B2686B9-69B2-48CC-ADB6-29D187A4BE4B} = {00AF9E5B-C7F3-403A-AFD1-EEB1EA2ADB89}
	EndGlobalSection
EndGlobal
